
Microsoft Visual Studio Solution File, Format Version 12.00
# Visual Studio 15
VisualStudioVersion = 15.0.28307.1231
MinimumVisualStudioVersion = 10.0.40219.1
Project("{FAE04EC0-301F-11D3-BF4B-00C04F79EFBC}") = "Repartidor", "Repartidor\Repartidor.csproj", "{2FFF3F8C-2299-4F13-A571-5C683D6D142D}"
EndProject
Global
	GlobalSection(SolutionConfigurationPlatforms) = preSolution
		Debug|Any CPU = Debug|Any CPU
		Release|Any CPU = Release|Any CPU
	EndGlobalSection
	GlobalSection(ProjectConfigurationPlatforms) = postSolution
		{2FFF3F8C-2299-4F13-A571-5C683D6D142D}.Debug|Any CPU.ActiveCfg = Debug|Any CPU
		{2FFF3F8C-2299-4F13-A571-5C683D6D142D}.Debug|Any CPU.Build.0 = Debug|Any CPU
		{2FFF3F8C-2299-4F13-A571-5C683D6D142D}.Release|Any CPU.ActiveCfg = Release|Any CPU
		{2FFF3F8C-2299-4F13-A571-5C683D6D142D}.Release|Any CPU.Build.0 = Release|Any CPU
	EndGlobalSection
	GlobalSection(SolutionProperties) = preSolution
		HideSolutionNode = FALSE
	EndGlobalSection
	GlobalSection(ExtensibilityGlobals) = postSolution
		SolutionGuid = {EB319EA1-0CDE-493C-9830-12F64663C8F7}
	EndGlobalSection
EndGlobal
